lockfileVersion: '9.0'

settings:
  autoInstallPeers: true
  excludeLinksFromLockfile: false

importers:

  .:
    dependencies:
      firebase:
        specifier: ^11.7.1
        version: 11.7.1
      next:
        specifier: 14.2.21
        version: 14.2.21(react-dom@18.3.1(react@18.3.1))(react@18.3.1)
      react:
        specifier: ^18
        version: 18.3.1
      react-dom:
        specifier: ^18
        version: 18.3.1(react@18.3.1)
    devDependencies:
      '@biomejs/biome':
        specifier: ^1.9.4
        version: 1.9.4
      '@types/node':
        specifier: ^20
        version: 20.17.46
      '@types/react':
        specifier: ^18
        version: 18.3.21
      '@types/react-dom':
        specifier: ^18
        version: 18.3.7(@types/react@18.3.21)
      lefthook:
        specifier: ^1.11.12
        version: 1.11.12
      typescript:
        specifier: ^5
        version: 5.8.3

packages:

  '@biomejs/biome@1.9.4':
    resolution: {integrity: sha512-1rkd7G70+o9KkTn5KLmDYXihGoTaIGO9PIIN2ZB7UJxFrWw04CZHPYiMRjYsaDvVV7hP1dYNRLxSANLaBFGpog==}
    engines: {node: '>=14.21.3'}
    hasBin: true

  '@biomejs/cli-darwin-arm64@1.9.4':
    resolution: {integrity: sha512-bFBsPWrNvkdKrNCYeAp+xo2HecOGPAy9WyNyB/jKnnedgzl4W4Hb9ZMzYNbf8dMCGmUdSavlYHiR01QaYR58cw==}
    engines: {node: '>=14.21.3'}
    cpu: [arm64]
    os: [darwin]

  '@biomejs/cli-darwin-x64@1.9.4':
    resolution: {integrity: sha512-ngYBh/+bEedqkSevPVhLP4QfVPCpb+4BBe2p7Xs32dBgs7rh9nY2AIYUL6BgLw1JVXV8GlpKmb/hNiuIxfPfZg==}
    engines: {node: '>=14.21.3'}
    cpu: [x64]
    os: [darwin]

  '@biomejs/cli-linux-arm64-musl@1.9.4':
    resolution: {integrity: sha512-v665Ct9WCRjGa8+kTr0CzApU0+XXtRgwmzIf1SeKSGAv+2scAlW6JR5PMFo6FzqqZ64Po79cKODKf3/AAmECqA==}
    engines: {node: '>=14.21.3'}
    cpu: [arm64]
    os: [linux]

  '@biomejs/cli-linux-arm64@1.9.4':
    resolution: {integrity: sha512-fJIW0+LYujdjUgJJuwesP4EjIBl/N/TcOX3IvIHJQNsAqvV2CHIogsmA94BPG6jZATS4Hi+xv4SkBBQSt1N4/g==}
    engines: {node: '>=14.21.3'}
    cpu: [arm64]
    os: [linux]

  '@biomejs/cli-linux-x64-musl@1.9.4':
    resolution: {integrity: sha512-gEhi/jSBhZ2m6wjV530Yy8+fNqG8PAinM3oV7CyO+6c3CEh16Eizm21uHVsyVBEB6RIM8JHIl6AGYCv6Q6Q9Tg==}
    engines: {node: '>=14.21.3'}
    cpu: [x64]
    os: [linux]

  '@biomejs/cli-linux-x64@1.9.4':
    resolution: {integrity: sha512-lRCJv/Vi3Vlwmbd6K+oQ0KhLHMAysN8lXoCI7XeHlxaajk06u7G+UsFSO01NAs5iYuWKmVZjmiOzJ0OJmGsMwg==}
    engines: {node: '>=14.21.3'}
    cpu: [x64]
    os: [linux]

  '@biomejs/cli-win32-arm64@1.9.4':
    resolution: {integrity: sha512-tlbhLk+WXZmgwoIKwHIHEBZUwxml7bRJgk0X2sPyNR3S93cdRq6XulAZRQJ17FYGGzWne0fgrXBKpl7l4M87Hg==}
    engines: {node: '>=14.21.3'}
    cpu: [arm64]
    os: [win32]

  '@biomejs/cli-win32-x64@1.9.4':
    resolution: {integrity: sha512-8Y5wMhVIPaWe6jw2H+KlEm4wP/f7EW3810ZLmDlrEEy5KvBsb9ECEfu/kMWD484ijfQ8+nIi0giMgu9g1UAuuA==}
    engines: {node: '>=14.21.3'}
    cpu: [x64]
    os: [win32]

  '@firebase/analytics-compat@0.2.19':
    resolution: {integrity: sha512-l/PYILG9Tu4D5XtazqzvT5J6f7B/laqlaoSjiee6QdQkEg1kmMIeAaLKWGbf8tR/T3g6Lv3lx1AwJBuLhVaqTQ==}
    peerDependencies:
      '@firebase/app-compat': 0.x

  '@firebase/analytics-types@0.8.3':
    resolution: {integrity: sha512-VrIp/d8iq2g501qO46uGz3hjbDb8xzYMrbu8Tp0ovzIzrvJZ2fvmj649gTjge/b7cCCcjT0H37g1gVtlNhnkbg==}

  '@firebase/analytics@0.10.13':
    resolution: {integrity: sha512-X+6wMOPgA9l0AeeMdMcMfaCP4XKPvrhx55MGuMrfHvUrOvFKldpzBum7KkoGJMoexKmqmKP+mCmJMY9Fb8K6Hw==}
    peerDependencies:
      '@firebase/app': 0.x

  '@firebase/app-check-compat@0.3.22':
    resolution: {integrity: sha512-Tag7kI0vnzlsKrpnnhUgbTTTv2NNGR+Sf2pHiy3QApOaOG5tx6W5OQyvKv3+KaGbjEU19mvgOzOe1q5XHDoRvQ==}
    engines: {node: '>=18.0.0'}
    peerDependencies:
      '@firebase/app-compat': 0.x

  '@firebase/app-check-interop-types@0.3.3':
    resolution: {integrity: sha512-gAlxfPLT2j8bTI/qfe3ahl2I2YcBQ8cFIBdhAQA4I2f3TndcO+22YizyGYuttLHPQEpWkhmpFW60VCFEPg4g5A==}

  '@firebase/app-check-types@0.5.3':
    resolution: {integrity: sha512-hyl5rKSj0QmwPdsAxrI5x1otDlByQ7bvNvVt8G/XPO2CSwE++rmSVf3VEhaeOR4J8ZFaF0Z0NDSmLejPweZ3ng==}

  '@firebase/app-check@0.9.1':
    resolution: {integrity: sha512-3gt4yt7oFXalJ2pLpawxKZI9lLLv2Jo2H3AoVKv9Fqy6zQmAC0nSItt9JUl2iDNd11V/bj4OC5rfoAjtyK22dQ==}
    engines: {node: '>=18.0.0'}
    peerDependencies:
      '@firebase/app': 0.x

  '@firebase/app-compat@0.3.1':
    resolution: {integrity: sha512-NCW2H/FawF0cBs3ciRx7NLt0H/VKn71H/q1RfTfctFez7maZ3KJi8QudpmIwoEqEW1N5HiXWxKAHY18Uo6o2Bg==}
    engines: {node: '>=18.0.0'}

  '@firebase/app-types@0.9.3':
    resolution: {integrity: sha512-kRVpIl4vVGJ4baogMDINbyrIOtOxqhkZQg4jTq3l8Lw6WSk0xfpEYzezFu+Kl4ve4fbPl79dvwRtaFqAC/ucCw==}

  '@firebase/app@0.12.1':
    resolution: {integrity: sha512-ASExOlmmjRMdwOQ65Oj6R9JBqa7iiT1/LgZjtbU7FqxoJZNWHrt39NJ/z2bjyYDdAHX8jkY7muFqzahScCXgfA==}
    engines: {node: '>=18.0.0'}

  '@firebase/auth-compat@0.5.22':
    resolution: {integrity: sha512-RC7QdBIgg/hyxhJW2sso9Syb9iSr2wZ+vB6c/PnN+64uNZhp8bdxauhmDJGmbvStwCf/l2RpBsusVXQXVMnrgQ==}
    engines: {node: '>=18.0.0'}
    peerDependencies:
      '@firebase/app-compat': 0.x

  '@firebase/auth-interop-types@0.2.4':
    resolution: {integrity: sha512-JPgcXKCuO+CWqGDnigBtvo09HeBs5u/Ktc2GaFj2m01hLarbxthLNm7Fk8iOP1aqAtXV+fnnGj7U28xmk7IwVA==}

  '@firebase/auth-types@0.13.0':
    resolution: {integrity: sha512-S/PuIjni0AQRLF+l9ck0YpsMOdE8GO2KU6ubmBB7P+7TJUCQDa3R1dlgYm9UzGbbePMZsp0xzB93f2b/CgxMOg==}
    peerDependencies:
      '@firebase/app-types': 0.x
      '@firebase/util': 1.x

  '@firebase/auth@1.10.2':
    resolution: {integrity: sha512-HHudcj3CJyXpoMKslNOVHGSNJdAUjvy5xBA/G/uPb32QFqvx5F3EW9RDYvve2IHEN7Vpc1QTkk/28J32x83UGA==}
    engines: {node: '>=18.0.0'}
    peerDependencies:
      '@firebase/app': 0.x
      '@react-native-async-storage/async-storage': ^1.18.1
    peerDependenciesMeta:
      '@react-native-async-storage/async-storage':
        optional: true

  '@firebase/component@0.6.14':
    resolution: {integrity: sha512-kf/zAT8GQJ9nYoHuj0mv7twp1QzifKYrO+GsmsVHHM+Hi9KkmI7E3B3J0CtihHpb34vinl4gbJrYJ2p2wfvc9A==}
    engines: {node: '>=18.0.0'}

  '@firebase/data-connect@0.3.5':
    resolution: {integrity: sha512-YtiSRdiJicaXuyRC/yJjErQ/aHIlWt2umcBSpggYCP9TqKRIsJtgoskSSGzWJhzHn13BojYa7rWXmutTc5tovg==}
    peerDependencies:
      '@firebase/app': 0.x

  '@firebase/database-compat@2.0.6':
    resolution: {integrity: sha512-vv15b1E59sLwoVdjGKvJ75ok9Qu1VRJC/7KXAQGnXvURAL199Ndy1YEw6/GA9twoFlLCYnd2ltxxB2pPiL1Vqw==}
    engines: {node: '>=18.0.0'}

  '@firebase/database-types@1.0.11':
    resolution: {integrity: sha512-LBZG/nT6GbntbIdGxBNvu9PBtj4xUEE9wX8AFF6njFK/MufYBESiKqT+jhDwmbcM4zAha9U0Pcca8FvJ1z1bYw==}

  '@firebase/database@1.0.15':
    resolution: {integrity: sha512-xmeTqKoIB2u1AXvLc1jq3Val0QAHUr49YycAr6feoDD7zM9dCjSk8rq9s1ESTv+tbbqS2BRoTpjIvxwXRTKhQQ==}
    engines: {node: '>=18.0.0'}

  '@firebase/firestore-compat@0.3.47':
    resolution: {integrity: sha512-8fs4Zz2nXOgOf62wCK06Fo6uMGojyEhNEg/x2Pdnir9H9AH4T5T5q4/0MXdgPFSNBFcrPl+SVlmD1WTEZL+XGA==}
    engines: {node: '>=18.0.0'}
    peerDependencies:
      '@firebase/app-compat': 0.x

  '@firebase/firestore-types@3.0.3':
    resolution: {integrity: sha512-hD2jGdiWRxB/eZWF89xcK9gF8wvENDJkzpVFb4aGkzfEaKxVRD1kjz1t1Wj8VZEp2LCB53Yx1zD8mrhQu87R6Q==}
    peerDependencies:
      '@firebase/app-types': 0.x
      '@firebase/util': 1.x

  '@firebase/firestore@4.7.12':
    resolution: {integrity: sha512-50KRdSp8xA7+G0wfWxlnCoEN951mt8BVdLMxeP57Rehj2DqIb41q6Fc6JH0dfQ4TlMqWua1YfVY1jPEAaHVF9w==}
    engines: {node: '>=18.0.0'}
    peerDependencies:
      '@firebase/app': 0.x

  '@firebase/functions-compat@0.3.21':
    resolution: {integrity: sha512-FFtdZt6ve6VxOW6Y6IytR5wXXRQ0/IXTXsztrPd9HhilzzbHbXKYyyvODrnHfraslTW50gdZlj7WlZieiVhcig==}
    engines: {node: '>=18.0.0'}
    peerDependencies:
      '@firebase/app-compat': 0.x

  '@firebase/functions-types@0.6.3':
    resolution: {integrity: sha512-EZoDKQLUHFKNx6VLipQwrSMh01A1SaL3Wg6Hpi//x6/fJ6Ee4hrAeswK99I5Ht8roiniKHw4iO0B1Oxj5I4plg==}

  '@firebase/functions@0.12.4':
    resolution: {integrity: sha512-XAvDHvJ1222+9lPHssgRzALejCSW/CN+mlyLbLXHSJHujfIfn9yPHOcAj9KfACavd+F8ey7h4mpxfHowczpVXw==}
    engines: {node: '>=18.0.0'}
    peerDependencies:
      '@firebase/app': 0.x

  '@firebase/installations-compat@0.2.14':
    resolution: {integrity: sha512-6+xTtM2WwnVWY2qO8seWZqkrwhklFsgDCzmburqppHrGXW7Saxpyb+EqSHjFRcQleq5UGFwo0xqorLCwHa9WXA==}
    peerDependencies:
      '@firebase/app-compat': 0.x

  '@firebase/installations-types@0.5.3':
    resolution: {integrity: sha512-2FJI7gkLqIE0iYsNQ1P751lO3hER+Umykel+TkLwHj6plzWVxqvfclPUZhcKFVQObqloEBTmpi2Ozn7EkCABAA==}
    peerDependencies:
      '@firebase/app-types': 0.x

  '@firebase/installations@0.6.14':
    resolution: {integrity: sha512-uE837g9+sv6PfjWPgOfG3JtjZ+hJ7KBHO4UVenVsvhzgOxFkvLjO/bgE7fyvsaD3fOHSXunx3adRIg4eUEMPyA==}
    peerDependencies:
      '@firebase/app': 0.x

  '@firebase/logger@0.4.4':
    resolution: {integrity: sha512-mH0PEh1zoXGnaR8gD1DeGeNZtWFKbnz9hDO91dIml3iou1gpOnLqXQ2dJfB71dj6dpmUjcQ6phY3ZZJbjErr9g==}
    engines: {node: '>=18.0.0'}

  '@firebase/messaging-compat@0.2.18':
    resolution: {integrity: sha512-Msrm6krO0SNqJak5cLK1IuNYmQgWwofE/o2Zz/k1Ckb9qZTMjfmKkjWq7II9se+BFsPAe3YH+05Kx2RldwYYGw==}
    peerDependencies:
      '@firebase/app-compat': 0.x

  '@firebase/messaging-interop-types@0.2.3':
    resolution: {integrity: sha512-xfzFaJpzcmtDjycpDeCUj0Ge10ATFi/VHVIvEEjDNc3hodVBQADZ7BWQU7CuFpjSHE+eLuBI13z5F/9xOoGX8Q==}

  '@firebase/messaging@0.12.18':
    resolution: {integrity: sha512-2MGhUGoCZloB7ysoYzG/T2nnRmHYLT+AcqYouZuD6APabpkDhF8lHsmSQq4MFSlXhI3DKFOXxjuvbY8ec4C2JQ==}
    peerDependencies:
      '@firebase/app': 0.x

  '@firebase/performance-compat@0.2.16':
    resolution: {integrity: sha512-B0Wv11TnS4leQmkCHDx/quyy3B6Qz+Zog0y/um2dSlfwO8YnbfJYqG+zUlJsCs/dB8dnyNbcP0o80cZq6y8UyQ==}
    peerDependencies:
      '@firebase/app-compat': 0.x

  '@firebase/performance-types@0.2.3':
    resolution: {integrity: sha512-IgkyTz6QZVPAq8GSkLYJvwSLr3LS9+V6vNPQr0x4YozZJiLF5jYixj0amDtATf1X0EtYHqoPO48a9ija8GocxQ==}

  '@firebase/performance@0.7.3':
    resolution: {integrity: sha512-PNBBbMskmSK8D8S1uZRzTqC2LpPDxVw/RbM5IsfrzyyJcyT6Lo+L8Y1vjBvVuK2Mw6pS6M6TgGncf2s+wq3kRA==}
    peerDependencies:
      '@firebase/app': 0.x

  '@firebase/remote-config-compat@0.2.14':
    resolution: {integrity: sha512-qr0H1+y58ErLRbvD58IzlyVK+DjtGCNRDq0E1EM6xj5K3rB+3Ifmwq1EU5gzX0kI+xQlXYNHMFYxd+PTgwblUg==}
    peerDependencies:
      '@firebase/app-compat': 0.x

  '@firebase/remote-config-types@0.4.0':
    resolution: {integrity: sha512-7p3mRE/ldCNYt8fmWMQ/MSGRmXYlJ15Rvs9Rk17t8p0WwZDbeK7eRmoI1tvCPaDzn9Oqh+yD6Lw+sGLsLg4kKg==}

  '@firebase/remote-config@0.6.1':
    resolution: {integrity: sha512-nlZ75rEVuGFGjUHuQuZIeLTTyHgCjW4jD2uCXu6mwNrQ6Mh18gjN3rS0Pfxz40NYcNlzfWPf0uvA4CYMXWa6yA==}
    peerDependencies:
      '@firebase/app': 0.x

  '@firebase/storage-compat@0.3.18':
    resolution: {integrity: sha512-2A4LoqVV4GG8YlLU07ktjw8Xl558odeTg9a24wnT4P8Syf17Q6TjYCTwYGaFxYjQ00V7HUh9TfJIg9uO5zjeJw==}
    engines: {node: '>=18.0.0'}
    peerDependencies:
      '@firebase/app-compat': 0.x

  '@firebase/storage-types@0.8.3':
    resolution: {integrity: sha512-+Muk7g9uwngTpd8xn9OdF/D48uiQ7I1Fae7ULsWPuKoCH3HU7bfFPhxtJYzyhjdniowhuDpQcfPmuNRAqZEfvg==}
    peerDependencies:
      '@firebase/app-types': 0.x
      '@firebase/util': 1.x

  '@firebase/storage@0.13.8':
    resolution: {integrity: sha512-DjO8bSbwY/o+dbri3wear1gkrorgTpqi4uBTMoZZ02WOVR1A5AX8k/eYpUVuAvWyEDMWz/ECv4PgEokNajDsow==}
    engines: {node: '>=18.0.0'}
    peerDependencies:
      '@firebase/app': 0.x

  '@firebase/util@1.11.1':
    resolution: {integrity: sha512-RXg4WE8C2LUrvoV/TMGRTu223zZf9Dq9MR8yHZio9nF9TpLnpCPURw9VWWB2WATDl6HfIdWfl2x2SJYtHkN4hw==}
    engines: {node: '>=18.0.0'}

  '@firebase/vertexai@1.2.2':
    resolution: {integrity: sha512-DtHkD24fkewl88MRYlAdvyo1yXg2AQMa/3u+eW47EKKifKoVfDSyN9HVCP51saqzlRmDaeVuS1i2CY3Tu16lgQ==}
    engines: {node: '>=18.0.0'}
    peerDependencies:
      '@firebase/app': 0.x
      '@firebase/app-types': 0.x

  '@firebase/webchannel-wrapper@1.0.3':
    resolution: {integrity: sha512-2xCRM9q9FlzGZCdgDMJwc0gyUkWFtkosy7Xxr6sFgQwn+wMNIWd7xIvYNauU1r64B5L5rsGKy/n9TKJ0aAFeqQ==}

  '@grpc/grpc-js@1.9.15':
    resolution: {integrity: sha512-nqE7Hc0AzI+euzUwDAy0aY5hCp10r734gMGRdU+qOPX0XSceI2ULrcXB5U2xSc5VkWwalCj4M7GzCAygZl2KoQ==}
    engines: {node: ^8.13.0 || >=10.10.0}

  '@grpc/proto-loader@0.7.15':
    resolution: {integrity: sha512-tMXdRCfYVixjuFK+Hk0Q1s38gV9zDiDJfWL3h1rv4Qc39oILCu1TRTDt7+fGUI8K4G1Fj125Hx/ru3azECWTyQ==}
    engines: {node: '>=6'}
    hasBin: true

  '@next/env@14.2.21':
    resolution: {integrity: sha512-lXcwcJd5oR01tggjWJ6SrNNYFGuOOMB9c251wUNkjCpkoXOPkDeF/15c3mnVlBqrW4JJXb2kVxDFhC4GduJt2A==}

  '@next/swc-darwin-arm64@14.2.21':
    resolution: {integrity: sha512-HwEjcKsXtvszXz5q5Z7wCtrHeTTDSTgAbocz45PHMUjU3fBYInfvhR+ZhavDRUYLonm53aHZbB09QtJVJj8T7g==}
    engines: {node: '>= 10'}
    cpu: [arm64]
    os: [darwin]

  '@next/swc-darwin-x64@14.2.21':
    resolution: {integrity: sha512-TSAA2ROgNzm4FhKbTbyJOBrsREOMVdDIltZ6aZiKvCi/v0UwFmwigBGeqXDA97TFMpR3LNNpw52CbVelkoQBxA==}
    engines: {node: '>= 10'}
    cpu: [x64]
    os: [darwin]

  '@next/swc-linux-arm64-gnu@14.2.21':
    resolution: {integrity: sha512-0Dqjn0pEUz3JG+AImpnMMW/m8hRtl1GQCNbO66V1yp6RswSTiKmnHf3pTX6xMdJYSemf3O4Q9ykiL0jymu0TuA==}
    engines: {node: '>= 10'}
    cpu: [arm64]
    os: [linux]

  '@next/swc-linux-arm64-musl@14.2.21':
    resolution: {integrity: sha512-Ggfw5qnMXldscVntwnjfaQs5GbBbjioV4B4loP+bjqNEb42fzZlAaK+ldL0jm2CTJga9LynBMhekNfV8W4+HBw==}
    engines: {node: '>= 10'}
    cpu: [arm64]
    os: [linux]

  '@next/swc-linux-x64-gnu@14.2.21':
    resolution: {integrity: sha512-uokj0lubN1WoSa5KKdThVPRffGyiWlm/vCc/cMkWOQHw69Qt0X1o3b2PyLLx8ANqlefILZh1EdfLRz9gVpG6tg==}
    engines: {node: '>= 10'}
    cpu: [x64]
    os: [linux]

  '@next/swc-linux-x64-musl@14.2.21':
    resolution: {integrity: sha512-iAEBPzWNbciah4+0yI4s7Pce6BIoxTQ0AGCkxn/UBuzJFkYyJt71MadYQkjPqCQCJAFQ26sYh7MOKdU+VQFgPg==}
    engines: {node: '>= 10'}
    cpu: [x64]
    os: [linux]

  '@next/swc-win32-arm64-msvc@14.2.21':
    resolution: {integrity: sha512-plykgB3vL2hB4Z32W3ktsfqyuyGAPxqwiyrAi2Mr8LlEUhNn9VgkiAl5hODSBpzIfWweX3er1f5uNpGDygfQVQ==}
    engines: {node: '>= 10'}
    cpu: [arm64]
    os: [win32]

  '@next/swc-win32-ia32-msvc@14.2.21':
    resolution: {integrity: sha512-w5bacz4Vxqrh06BjWgua3Yf7EMDb8iMcVhNrNx8KnJXt8t+Uu0Zg4JHLDL/T7DkTCEEfKXO/Er1fcfWxn2xfPA==}
    engines: {node: '>= 10'}
    cpu: [ia32]
    os: [win32]

  '@next/swc-win32-x64-msvc@14.2.21':
    resolution: {integrity: sha512-sT6+llIkzpsexGYZq8cjjthRyRGe5cJVhqh12FmlbxHqna6zsDDK8UNaV7g41T6atFHCJUPeLb3uyAwrBwy0NA==}
    engines: {node: '>= 10'}
    cpu: [x64]
    os: [win32]

  '@protobufjs/aspromise@1.1.2':
    resolution: {integrity: sha512-j+gKExEuLmKwvz3OgROXtrJ2UG2x8Ch2YZUxahh+s1F2HZ+wAceUNLkvy6zKCPVRkU++ZWQrdxsUeQXmcg4uoQ==}

  '@protobufjs/base64@1.1.2':
    resolution: {integrity: sha512-AZkcAA5vnN/v4PDqKyMR5lx7hZttPDgClv83E//FMNhR2TMcLUhfRUBHCmSl0oi9zMgDDqRUJkSxO3wm85+XLg==}

  '@protobufjs/codegen@2.0.4':
    resolution: {integrity: sha512-YyFaikqM5sH0ziFZCN3xDC7zeGaB/d0IUb9CATugHWbd1FRFwWwt4ld4OYMPWu5a3Xe01mGAULCdqhMlPl29Jg==}

  '@protobufjs/eventemitter@1.1.0':
    resolution: {integrity: sha512-j9ednRT81vYJ9OfVuXG6ERSTdEL1xVsNgqpkxMsbIabzSo3goCjDIveeGv5d03om39ML71RdmrGNjG5SReBP/Q==}

  '@protobufjs/fetch@1.1.0':
    resolution: {integrity: sha512-lljVXpqXebpsijW71PZaCYeIcE5on1w5DlQy5WH6GLbFryLUrBD4932W/E2BSpfRJWseIL4v/KPgBFxDOIdKpQ==}

  '@protobufjs/float@1.0.2':
    resolution: {integrity: sha512-Ddb+kVXlXst9d+R9PfTIxh1EdNkgoRe5tOX6t01f1lYWOvJnSPDBlG241QLzcyPdoNTsblLUdujGSE4RzrTZGQ==}

  '@protobufjs/inquire@1.1.0':
    resolution: {integrity: sha512-kdSefcPdruJiFMVSbn801t4vFK7KB/5gd2fYvrxhuJYg8ILrmn9SKSX2tZdV6V+ksulWqS7aXjBcRXl3wHoD9Q==}

  '@protobufjs/path@1.1.2':
    resolution: {integrity: sha512-6JOcJ5Tm08dOHAbdR3GrvP+yUUfkjG5ePsHYczMFLq3ZmMkAD98cDgcT2iA1lJ9NVwFd4tH/iSSoe44YWkltEA==}

  '@protobufjs/pool@1.1.0':
    resolution: {integrity: sha512-0kELaGSIDBKvcgS4zkjz1PeddatrjYcmMWOlAuAPwAeccUrPHdUqo/J6LiymHHEiJT5NrF1UVwxY14f+fy4WQw==}

  '@protobufjs/utf8@1.1.0':
    resolution: {integrity: sha512-Vvn3zZrhQZkkBE8LSuW3em98c0FwgO4nxzv6OdSxPKJIEKY2bGbHn+mhGIPerzI4twdxaP8/0+06HBpwf345Lw==}

  '@swc/counter@0.1.3':
    resolution: {integrity: sha512-e2BR4lsJkkRlKZ/qCHPw9ZaSxc0MVUd7gtbtaB7aMvHeJVYe8sOB8DBZkP2DtISHGSku9sCK6T6cnY0CtXrOCQ==}

  '@swc/helpers@0.5.5':
    resolution: {integrity: sha512-KGYxvIOXcceOAbEk4bi/dVLEK9z8sZ0uBB3Il5b1rhfClSpcX0yfRO0KmTkqR2cnQDymwLB+25ZyMzICg/cm/A==}

  '@types/node@20.17.46':
    resolution: {integrity: sha512-0PQHLhZPWOxGW4auogW0eOQAuNIlCYvibIpG67ja0TOJ6/sehu+1en7sfceUn+QQtx4Rk3GxbLNwPh0Cav7TWw==}

  '@types/prop-types@15.7.14':
    resolution: {integrity: sha512-gNMvNH49DJ7OJYv+KAKn0Xp45p8PLl6zo2YnvDIbTd4J6MER2BmWN49TG7n9LvkyihINxeKW8+3bfS2yDC9dzQ==}

  '@types/react-dom@18.3.7':
    resolution: {integrity: sha512-MEe3UeoENYVFXzoXEWsvcpg6ZvlrFNlOQ7EOsvhI3CfAXwzPfO8Qwuxd40nepsYKqyyVQnTdEfv68q91yLcKrQ==}
    peerDependencies:
      '@types/react': ^18.0.0

  '@types/react@18.3.21':
    resolution: {integrity: sha512-gXLBtmlcRJeT09/sI4PxVwyrku6SaNUj/6cMubjE6T6XdY1fDmBL7r0nX0jbSZPU/Xr0KuwLLZh6aOYY5d91Xw==}

  ansi-regex@5.0.1:
    resolution: {integrity: sha512-quJQXlTSUGL2LH9SUXo8VwsY4soanhgo6LNSm84E1LBcE8s3O0wpdiRzyR9z/ZZJMlMWv37qOOb9pdJlMUEKFQ==}
    engines: {node: '>=8'}

  ansi-styles@4.3.0:
    resolution: {integrity: sha512-zbB9rCJAT1rbjiVDb2hqKFHNYLxgtk8NURxZ3IZwD3F6NtxbXZQCnnSi1Lkx+IDohdPlFp222wVALIheZJQSEg==}
    engines: {node: '>=8'}

  busboy@1.6.0:
    resolution: {integrity: sha512-8SFQbg/0hQ9xy3UNTB0YEnsNBbWfhf7RtnzpL7TkBiTBRfrQ9Fxcnz7VJsleJpyp6rVLvXiuORqjlHi5q+PYuA==}
    engines: {node: '>=10.16.0'}

  caniuse-lite@1.0.30001718:
    resolution: {integrity: sha512-AflseV1ahcSunK53NfEs9gFWgOEmzr0f+kaMFA4xiLZlr9Hzt7HxcSpIFcnNCUkz6R6dWKa54rUz3HUmI3nVcw==}

  client-only@0.0.1:
    resolution: {integrity: sha512-IV3Ou0jSMzZrd3pZ48nLkT9DA7Ag1pnPzaiQhpW7c3RbcqqzvzzVu+L8gfqMp/8IM2MQtSiqaCxrrcfu8I8rMA==}

  cliui@8.0.1:
    resolution: {integrity: sha512-BSeNnyus75C4//NQ9gQt1/csTXyo/8Sb+afLAkzAptFuMsod9HFokGNudZpi/oQV73hnVK+sR+5PVRMd+Dr7YQ==}
    engines: {node: '>=12'}

  color-convert@2.0.1:
    resolution: {integrity: sha512-RRECPsj7iu/xb5oKYcsFHSppFNnsj/52OVTRKb4zP5onXwVF3zVmmToNcOfGC+CRDpfK/U584fMg38ZHCaElKQ==}
    engines: {node: '>=7.0.0'}

  color-name@1.1.4:
    resolution: {integrity: sha512-dOy+3AuW3a2wNbZHIuMZpTcgjGuLU/uBL/ubcZF9OXbDo8ff4O8yVp5Bf0efS8uEoYo5q4Fx7dY9OgQGXgAsQA==}

  csstype@3.1.3:
    resolution: {integrity: sha512-M1uQkMl8rQK/szD0LNhtqxIPLpimGm8sOBwU7lLnCpSbTyY3yeU1Vc7l4KT5zT4s/yOxHH5O7tIuuLOCnLADRw==}

  emoji-regex@8.0.0:
    resolution: {integrity: sha512-MSjYzcWNOA0ewAHpz0MxpYFvwg6yjy1NG3xteoqz644VCo/RPgnr1/GGt+ic3iJTzQ8Eu3TdM14SawnVUmGE6A==}

  escalade@3.2.0:
    resolution: {integrity: sha512-WUj2qlxaQtO4g6Pq5c29GTcWGDyd8itL8zTlipgECz3JesAiiOKotd8JU6otB3PACgG6xkJUyVhboMS+bje/jA==}
    engines: {node: '>=6'}

  faye-websocket@0.11.4:
    resolution: {integrity: sha512-CzbClwlXAuiRQAlUyfqPgvPoNKTckTPGfwZV4ZdAhVcP2lh9KUxJg2b5GkE7XbjKQ3YJnQ9z6D9ntLAlB+tP8g==}
    engines: {node: '>=0.8.0'}

  firebase@11.7.1:
    resolution: {integrity: sha512-Jr0uKRwHAtnlyHis9+48mo3aXeChekaxhy6kSaqBC44qdogwAlTWiY3OTqmRomGA8B62rqS3LwpNyAEZsrhf7w==}

  get-caller-file@2.0.5:
    resolution: {integrity: sha512-DyFP3BM/3YHTQOCUL/w0OZHR0lpKeGrxotcHWcqNEdnltqFwXVfhEBQ94eIo34AfQpo0rGki4cyIiftY06h2Fg==}
    engines: {node: 6.* || 8.* || >= 10.*}

  graceful-fs@4.2.11:
    resolution: {integrity: sha512-RbJ5/jmFcNNCcDV5o9eTnBLJ/HszWV0P73bc+Ff4nS/rJj+YaS6IGyiOL0VoBYX+l1Wrl3k63h/KrH+nhJ0XvQ==}

  http-parser-js@0.5.10:
    resolution: {integrity: sha512-Pysuw9XpUq5dVc/2SMHpuTY01RFl8fttgcyunjL7eEMhGM3cI4eOmiCycJDVCo/7O7ClfQD3SaI6ftDzqOXYMA==}

  idb@7.1.1:
    resolution: {integrity: sha512-gchesWBzyvGHRO9W8tzUWFDycow5gwjvFKfyV9FF32Y7F50yZMp7mP+T2mJIWFx49zicqyC4uefHM17o6xKIVQ==}

  is-fullwidth-code-point@3.0.0:
    resolution: {integrity: sha512-zymm5+u+sCsSWyD9qNaejV3DFvhCKclKdizYaJUuHA83RLjb7nSuGnddCHGv0hk+KY7BMAlsWeK4Ueg6EV6XQg==}
    engines: {node: '>=8'}

  js-tokens@4.0.0:
    resolution: {integrity: sha512-RdJUflcE3cUzKiMqQgsCu06FPu9UdIJO0beYbPhHN4k6apgJtifcoCtT9bcxOpYBtpD2kCM6Sbzg4CausW/PKQ==}

  lefthook-darwin-arm64@1.11.12:
    resolution: {integrity: sha512-nB3rZVGoign6lhlbdfT1/knk4fV4Kx7kgbho8oSFcpw/o2qRQpLqmclCWUTtf+Pyj4vCzE7hiee/m+uQtvu19w==}
    cpu: [arm64]
    os: [darwin]

  lefthook-darwin-x64@1.11.12:
    resolution: {integrity: sha512-ExNz8ctFRRaVz2wpvjmOtV4GeZcRdsAZwnZbmvlu1fMcJ6WtjAuR6fB0ybtcsc03/zBNrfShiq+VtZLkGv8Oeg==}
    cpu: [x64]
    os: [darwin]

  lefthook-freebsd-arm64@1.11.12:
    resolution: {integrity: sha512-3Si6YJ8YLEMJ6TGsaBI2ni64XSrJX69N4gX7OKQp85IXeizPUEy7oorYAJCUaw5nMffRbIkzxNTjaMkcn4iwag==}
    cpu: [arm64]
    os: [freebsd]

  lefthook-freebsd-x64@1.11.12:
    resolution: {integrity: sha512-J18MNYZKkVdHJ5K54MT8kxJ/W4TBUxD8aCi4e+Oliw8UXAiwaJSTGPkdY5P8aUlVYDknN2w+6I99Dxre6CJRFw==}
    cpu: [x64]
    os: [freebsd]

  lefthook-linux-arm64@1.11.12:
    resolution: {integrity: sha512-oIWcj7mcHnFB4tcfz4dsZTnDTXIyF7cjCEqhDQTvqJQLbE1XRfjU0RzQdgSKrzdmXIcUFB+lmcgeRwJnKBEJ8Q==}
    cpu: [arm64]
    os: [linux]

  lefthook-linux-x64@1.11.12:
    resolution: {integrity: sha512-sr9X5dW5dl9Fa3Kdk3x66DPGgCz/rykm+JHIyQGfnuvZnaeqkEaXgNubBaVGBbOimagXgtA5DwXc6D6fzUYALA==}
    cpu: [x64]
    os: [linux]

  lefthook-openbsd-arm64@1.11.12:
    resolution: {integrity: sha512-4TuX8c/lwky1DSNIY6knIFlMIHQZrVBxh6O5vSTjOAjKv5YmIkNgeUlwcBD+SMru9tQBj7MvOpJSkVkaLK5hhQ==}
    cpu: [arm64]
    os: [openbsd]

  lefthook-openbsd-x64@1.11.12:
    resolution: {integrity: sha512-Y/rPvyXtsIH+pxACfLHwxqc2Ahk+aExj8Izce3zXp75Wki5DH+6TXm5tWj5CgIuefL7CMqNFsOZCjEe1+SyM+w==}
    cpu: [x64]
    os: [openbsd]

  lefthook-windows-arm64@1.11.12:
    resolution: {integrity: sha512-OJaElGktzsMrkmIpXBqwlc+eZx5kwxx+tJFByTXiW/rb8ttBwj0ueVyfo3lw/PqqlbMy73qc9Uj3CHYkaKsDKw==}
    cpu: [arm64]
    os: [win32]

  lefthook-windows-x64@1.11.12:
    resolution: {integrity: sha512-ZhKsisibIcaG+rv9i7UJUgnuejI6mfaS5T3FreqsWt5vAsEIvLLNmZUA15MHPr99n+L4La1YQ2jTqie1kH57dA==}
    cpu: [x64]
    os: [win32]

  lefthook@1.11.12:
    resolution: {integrity: sha512-refh8mlcNtwJfmHDH+2mN1KTIVjp1EHlrjzOjfH/hJ4vFQByH2+1KfFDlJLX9V16VESwUNyOGkEZ9cJEF6zNgg==}
    hasBin: true

  lodash.camelcase@4.3.0:
    resolution: {integrity: sha512-TwuEnCnxbc3rAvhf/LbG7tJUDzhqXyFnv3dtzLOPgCG/hODL7WFnsbwktkD7yUV0RrreP/l1PALq/YSg6VvjlA==}

  long@5.3.2:
    resolution: {integrity: sha512-mNAgZ1GmyNhD7AuqnTG3/VQ26o760+ZYBPKjPvugO8+nLbYfX6TVpJPseBvopbdY+qpZ/lKUnmEc1LeZYS3QAA==}

  loose-envify@1.4.0:
    resolution: {integrity: sha512-lyuxPGr/Wfhrlem2CL/UcnUc1zcqKAImBDzukY7Y5F/yQiNdko6+fRLevlw1HgMySw7f611UIY408EtxRSoK3Q==}
    hasBin: true

  nanoid@3.3.11:
    resolution: {integrity: sha512-N8SpfPUnUp1bK+PMYW8qSWdl9U+wwNWI4QKxOYDy9JAro3WMX7p2OeVRF9v+347pnakNevPmiHhNmZ2HbFA76w==}
    engines: {node: ^10 || ^12 || ^13.7 || ^14 || >=15.0.1}
    hasBin: true

  next@14.2.21:
    resolution: {integrity: sha512-rZmLwucLHr3/zfDMYbJXbw0ZeoBpirxkXuvsJbk7UPorvPYZhP7vq7aHbKnU7dQNCYIimRrbB2pp3xmf+wsYUg==}
    engines: {node: '>=18.17.0'}
    hasBin: true
    peerDependencies:
      '@opentelemetry/api': ^1.1.0
      '@playwright/test': ^1.41.2
      react: ^18.2.0
      react-dom: ^18.2.0
      sass: ^1.3.0
    peerDependenciesMeta:
      '@opentelemetry/api':
        optional: true
      '@playwright/test':
        optional: true
      sass:
        optional: true

  picocolors@1.1.1:
    resolution: {integrity: sha512-xceH2snhtb5M9liqDsmEw56le376mTZkEX/jEb/RxNFyegNul7eNslCXP9FDj/Lcu0X8KEyMceP2ntpaHrDEVA==}

  postcss@8.4.31:
    resolution: {integrity: sha512-PS08Iboia9mts/2ygV3eLpY5ghnUcfLV/EXTOW1E2qYxJKGGBUtNjN76FYHnMs36RmARn41bC0AZmn+rR0OVpQ==}
    engines: {node: ^10 || ^12 || >=14}

  protobufjs@7.5.1:
    resolution: {integrity: sha512-3qx3IRjR9WPQKagdwrKjO3Gu8RgQR2qqw+1KnigWhoVjFqegIj1K3bP11sGqhxrO46/XL7lekuG4jmjL+4cLsw==}
    engines: {node: '>=12.0.0'}

  react-dom@18.3.1:
    resolution: {integrity: sha512-5m4nQKp+rZRb09LNH59GM4BxTh9251/ylbKIbpe7TpGxfJ+9kv6BLkLBXIjjspbgbnIBNqlI23tRnTWT0snUIw==}
    peerDependencies:
      react: ^18.3.1

  react@18.3.1:
    resolution: {integrity: sha512-wS+hAgJShR0KhEvPJArfuPVN1+Hz1t0Y6n5jLrGQbkb4urgPE/0Rve+1kMB1v/oWgHgm4WIcV+i7F2pTVj+2iQ==}
    engines: {node: '>=0.10.0'}

  require-directory@2.1.1:
    resolution: {integrity: sha512-fGxEI7+wsG9xrvdjsrlmL22OMTTiHRwAMroiEeMgq8gzoLC/PQr7RsRDSTLUg/bZAZtF+TVIkHc6/4RIKrui+Q==}
    engines: {node: '>=0.10.0'}

  safe-buffer@5.2.1:
    resolution: {integrity: sha512-rp3So07KcdmmKbGvgaNxQSJr7bGVSVk5S9Eq1F+ppbRo70+YeaDxkw5Dd8NPN+GD6bjnYm2VuPuCXmpuYvmCXQ==}

  scheduler@0.23.2:
    resolution: {integrity: sha512-UOShsPwz7NrMUqhR6t0hWjFduvOzbtv7toDH1/hIrfRNIDBnnBWd0CwJTGvTpngVlmwGCdP9/Zl/tVrDqcuYzQ==}

  source-map-js@1.2.1:
    resolution: {integrity: sha512-UXWMKhLOwVKb728IUtQPXxfYU+usdybtUrK/8uGE8CQMvrhOpwvzDBwj0QhSL7MQc7vIsISBG8VQ8+IDQxpfQA==}
    engines: {node: '>=0.10.0'}

  streamsearch@1.1.0:
    resolution: {integrity: sha512-Mcc5wHehp9aXz1ax6bZUyY5afg9u2rv5cqQI3mRrYkGC8rW2hM02jWuwjtL++LS5qinSyhj2QfLyNsuc+VsExg==}
    engines: {node: '>=10.0.0'}

  string-width@4.2.3:
    resolution: {integrity: sha512-wKyQRQpjJ0sIp62ErSZdGsjMJWsap5oRNihHhu6G7JVO/9jIB6UyevL+tXuOqrng8j/cxKTWyWUwvSTriiZz/g==}
    engines: {node: '>=8'}

  strip-ansi@6.0.1:
    resolution: {integrity: sha512-Y38VPSHcqkFrCpFnQ9vuSXmquuv5oXOKpGeT6aGrr3o3Gc9AlVa6JBfUSOCnbxGGZF+/0ooI7KrPuUSztUdU5A==}
    engines: {node: '>=8'}

  styled-jsx@5.1.1:
    resolution: {integrity: sha512-pW7uC1l4mBZ8ugbiZrcIsiIvVx1UmTfw7UkC3Um2tmfUq9Bhk8IiyEIPl6F8agHgjzku6j0xQEZbfA5uSgSaCw==}
    engines: {node: '>= 12.0.0'}
    peerDependencies:
      '@babel/core': '*'
      babel-plugin-macros: '*'
      react: '>= 16.8.0 || 17.x.x || ^18.0.0-0'
    peerDependenciesMeta:
      '@babel/core':
        optional: true
      babel-plugin-macros:
        optional: true

  tslib@2.8.1:
    resolution: {integrity: sha512-oJFu94HQb+KVduSUQL7wnpmqnfmLsOA/nAh6b6EH0wCEoK0/mPeXU6c3wKDV83MkOuHPRHtSXKKU99IBazS/2w==}

  typescript@5.8.3:
    resolution: {integrity: sha512-p1diW6TqL9L07nNxvRMM7hMMw4c5XOo/1ibL4aAIGmSAt9slTE1Xgw5KWuof2uTOvCg9BY7ZRi+GaF+7sfgPeQ==}
    engines: {node: '>=14.17'}
    hasBin: true

  undici-types@6.19.8:
    resolution: {integrity: sha512-ve2KP6f/JnbPBFyobGHuerC9g1FYGn/F8n1LWTwNxCEzd6IfqTwUQcNXgEtmmQ6DlRrC1hrSrBnCZPokRrDHjw==}

  web-vitals@4.2.4:
    resolution: {integrity: sha512-r4DIlprAGwJ7YM11VZp4R884m0Vmgr6EAKe3P+kO0PPj3Unqyvv59rczf6UiGcb9Z8QxZVcqKNwv/g0WNdWwsw==}

  websocket-driver@0.7.4:
    resolution: {integrity: sha512-b17KeDIQVjvb0ssuSDF2cYXSg2iztliJ4B9WdsuB6J952qCPKmnVq4DyW5motImXHDC1cBT/1UezrJVsKw5zjg==}
    engines: {node: '>=0.8.0'}

  websocket-extensions@0.1.4:
    resolution: {integrity: sha512-OqedPIGOfsDlo31UNwYbCFMSaO9m9G/0faIHj5/dZFDMFqPTcx6UwqyOy3COEaEOg/9VsGIpdqn62W5KhoKSpg==}
    engines: {node: '>=0.8.0'}

  wrap-ansi@7.0.0:
    resolution: {integrity: sha512-YVGIj2kamLSTxw6NsZjoBxfSwsn0ycdesmc4p+Q21c5zPuZ1pl+NfxVdxPtdHvmNVOQ6XSYG4AUtyt/Fi7D16Q==}
    engines: {node: '>=10'}

  y18n@5.0.8:
    resolution: {integrity: sha512-0pfFzegeDWJHJIAmTLRP2DwHjdF5s7jo9tuztdQxAhINCdvS+3nGINqPd00AphqJR/0LhANUS6/+7SCb98YOfA==}
    engines: {node: '>=10'}

  yargs-parser@21.1.1:
    resolution: {integrity: sha512-tVpsJW7DdjecAiFpbIB1e3qxIQsE6NoPc5/eTdrbbIC4h0LVsWhnoa3g+m2HclBIujHzsxZ4VJVA+GUuc2/LBw==}
    engines: {node: '>=12'}

  yargs@17.7.2:
    resolution: {integrity: sha512-7dSzzRQ++CKnNI/krKnYRV7JKKPUXMEh61soaHKg9mrWEhzFWhFnxPxGl+69cD1Ou63C13NUPCnmIcrvqCuM6w==}
    engines: {node: '>=12'}

snapshots:

  '@biomejs/biome@1.9.4':
    optionalDependencies:
      '@biomejs/cli-darwin-arm64': 1.9.4
      '@biomejs/cli-darwin-x64': 1.9.4
      '@biomejs/cli-linux-arm64': 1.9.4
      '@biomejs/cli-linux-arm64-musl': 1.9.4
      '@biomejs/cli-linux-x64': 1.9.4
      '@biomejs/cli-linux-x64-musl': 1.9.4
      '@biomejs/cli-win32-arm64': 1.9.4
      '@biomejs/cli-win32-x64': 1.9.4

  '@biomejs/cli-darwin-arm64@1.9.4':
    optional: true

  '@biomejs/cli-darwin-x64@1.9.4':
    optional: true

  '@biomejs/cli-linux-arm64-musl@1.9.4':
    optional: true

  '@biomejs/cli-linux-arm64@1.9.4':
    optional: true

  '@biomejs/cli-linux-x64-musl@1.9.4':
    optional: true

  '@biomejs/cli-linux-x64@1.9.4':
    optional: true

  '@biomejs/cli-win32-arm64@1.9.4':
    optional: true

  '@biomejs/cli-win32-x64@1.9.4':
    optional: true

  '@firebase/analytics-compat@0.2.19(@firebase/app-compat@0.3.1)(@firebase/app@0.12.1)':
    dependencies:
      '@firebase/analytics': 0.10.13(@firebase/app@0.12.1)
      '@firebase/analytics-types': 0.8.3
      '@firebase/app-compat': 0.3.1
      '@firebase/component': 0.6.14
      '@firebase/util': 1.11.1
      tslib: 2.8.1
    transitivePeerDependencies:
      - '@firebase/app'

  '@firebase/analytics-types@0.8.3': {}

  '@firebase/analytics@0.10.13(@firebase/app@0.12.1)':
    dependencies:
      '@firebase/app': 0.12.1
      '@firebase/component': 0.6.14
      '@firebase/installations': 0.6.14(@firebase/app@0.12.1)
      '@firebase/logger': 0.4.4
      '@firebase/util': 1.11.1
      tslib: 2.8.1

  '@firebase/app-check-compat@0.3.22(@firebase/app-compat@0.3.1)(@firebase/app@0.12.1)':
    dependencies:
      '@firebase/app-check': 0.9.1(@firebase/app@0.12.1)
      '@firebase/app-check-types': 0.5.3
      '@firebase/app-compat': 0.3.1
      '@firebase/component': 0.6.14
      '@firebase/logger': 0.4.4
      '@firebase/util': 1.11.1
      tslib: 2.8.1
    transitivePeerDependencies:
      - '@firebase/app'

  '@firebase/app-check-interop-types@0.3.3': {}

  '@firebase/app-check-types@0.5.3': {}

  '@firebase/app-check@0.9.1(@firebase/app@0.12.1)':
    dependencies:
      '@firebase/app': 0.12.1
      '@firebase/component': 0.6.14
      '@firebase/logger': 0.4.4
      '@firebase/util': 1.11.1
      tslib: 2.8.1

  '@firebase/app-compat@0.3.1':
    dependencies:
      '@firebase/app': 0.12.1
      '@firebase/component': 0.6.14
      '@firebase/logger': 0.4.4
      '@firebase/util': 1.11.1
      tslib: 2.8.1

  '@firebase/app-types@0.9.3': {}

  '@firebase/app@0.12.1':
    dependencies:
      '@firebase/component': 0.6.14
      '@firebase/logger': 0.4.4
      '@firebase/util': 1.11.1
      idb: 7.1.1
      tslib: 2.8.1

  '@firebase/auth-compat@0.5.22(@firebase/app-compat@0.3.1)(@firebase/app-types@0.9.3)(@firebase/app@0.12.1)':
    dependencies:
      '@firebase/app-compat': 0.3.1
      '@firebase/auth': 1.10.2(@firebase/app@0.12.1)
      '@firebase/auth-types': 0.13.0(@firebase/app-types@0.9.3)(@firebase/util@1.11.1)
      '@firebase/component': 0.6.14
      '@firebase/util': 1.11.1
      tslib: 2.8.1
    transitivePeerDependencies:
      - '@firebase/app'
      - '@firebase/app-types'
      - '@react-native-async-storage/async-storage'

  '@firebase/auth-interop-types@0.2.4': {}

  '@firebase/auth-types@0.13.0(@firebase/app-types@0.9.3)(@firebase/util@1.11.1)':
    dependencies:
      '@firebase/app-types': 0.9.3
      '@firebase/util': 1.11.1

  '@firebase/auth@1.10.2(@firebase/app@0.12.1)':
    dependencies:
      '@firebase/app': 0.12.1
      '@firebase/component': 0.6.14
      '@firebase/logger': 0.4.4
      '@firebase/util': 1.11.1
      tslib: 2.8.1

  '@firebase/component@0.6.14':
    dependencies:
      '@firebase/util': 1.11.1
      tslib: 2.8.1

  '@firebase/data-connect@0.3.5(@firebase/app@0.12.1)':
    dependencies:
      '@firebase/app': 0.12.1
      '@firebase/auth-interop-types': 0.2.4
      '@firebase/component': 0.6.14
      '@firebase/logger': 0.4.4
      '@firebase/util': 1.11.1
      tslib: 2.8.1

  '@firebase/database-compat@2.0.6':
    dependencies:
      '@firebase/component': 0.6.14
      '@firebase/database': 1.0.15
      '@firebase/database-types': 1.0.11
      '@firebase/logger': 0.4.4
      '@firebase/util': 1.11.1
      tslib: 2.8.1

  '@firebase/database-types@1.0.11':
    dependencies:
      '@firebase/app-types': 0.9.3
      '@firebase/util': 1.11.1

  '@firebase/database@1.0.15':
    dependencies:
      '@firebase/app-check-interop-types': 0.3.3
      '@firebase/auth-interop-types': 0.2.4
      '@firebase/component': 0.6.14
      '@firebase/logger': 0.4.4
      '@firebase/util': 1.11.1
      faye-websocket: 0.11.4
      tslib: 2.8.1

  '@firebase/firestore-compat@0.3.47(@firebase/app-compat@0.3.1)(@firebase/app-types@0.9.3)(@firebase/app@0.12.1)':
    dependencies:
      '@firebase/app-compat': 0.3.1
      '@firebase/component': 0.6.14
      '@firebase/firestore': 4.7.12(@firebase/app@0.12.1)
      '@firebase/firestore-types': 3.0.3(@firebase/app-types@0.9.3)(@firebase/util@1.11.1)
      '@firebase/util': 1.11.1
      tslib: 2.8.1
    transitivePeerDependencies:
      - '@firebase/app'
      - '@firebase/app-types'

  '@firebase/firestore-types@3.0.3(@firebase/app-types@0.9.3)(@firebase/util@1.11.1)':
    dependencies:
      '@firebase/app-types': 0.9.3
      '@firebase/util': 1.11.1

  '@firebase/firestore@4.7.12(@firebase/app@0.12.1)':
    dependencies:
      '@firebase/app': 0.12.1
      '@firebase/component': 0.6.14
      '@firebase/logger': 0.4.4
      '@firebase/util': 1.11.1
      '@firebase/webchannel-wrapper': 1.0.3
      '@grpc/grpc-js': 1.9.15
      '@grpc/proto-loader': 0.7.15
      tslib: 2.8.1

  '@firebase/functions-compat@0.3.21(@firebase/app-compat@0.3.1)(@firebase/app@0.12.1)':
    dependencies:
      '@firebase/app-compat': 0.3.1
      '@firebase/component': 0.6.14
      '@firebase/functions': 0.12.4(@firebase/app@0.12.1)
      '@firebase/functions-types': 0.6.3
      '@firebase/util': 1.11.1
      tslib: 2.8.1
    transitivePeerDependencies:
      - '@firebase/app'

  '@firebase/functions-types@0.6.3': {}

  '@firebase/functions@0.12.4(@firebase/app@0.12.1)':
    dependencies:
      '@firebase/app': 0.12.1
      '@firebase/app-check-interop-types': 0.3.3
      '@firebase/auth-interop-types': 0.2.4
      '@firebase/component': 0.6.14
      '@firebase/messaging-interop-types': 0.2.3
      '@firebase/util': 1.11.1
      tslib: 2.8.1

  '@firebase/installations-compat@0.2.14(@firebase/app-compat@0.3.1)(@firebase/app-types@0.9.3)(@firebase/app@0.12.1)':
    dependencies:
      '@firebase/app-compat': 0.3.1
      '@firebase/component': 0.6.14
      '@firebase/installations': 0.6.14(@firebase/app@0.12.1)
      '@firebase/installations-types': 0.5.3(@firebase/app-types@0.9.3)
      '@firebase/util': 1.11.1
      tslib: 2.8.1
    transitivePeerDependencies:
      - '@firebase/app'
      - '@firebase/app-types'

  '@firebase/installations-types@0.5.3(@firebase/app-types@0.9.3)':
    dependencies:
      '@firebase/app-types': 0.9.3

  '@firebase/installations@0.6.14(@firebase/app@0.12.1)':
    dependencies:
      '@firebase/app': 0.12.1
      '@firebase/component': 0.6.14
      '@firebase/util': 1.11.1
      idb: 7.1.1
      tslib: 2.8.1

  '@firebase/logger@0.4.4':
    dependencies:
      tslib: 2.8.1

  '@firebase/messaging-compat@0.2.18(@firebase/app-compat@0.3.1)(@firebase/app@0.12.1)':
    dependencies:
      '@firebase/app-compat': 0.3.1
      '@firebase/component': 0.6.14
      '@firebase/messaging': 0.12.18(@firebase/app@0.12.1)
      '@firebase/util': 1.11.1
      tslib: 2.8.1
    transitivePeerDependencies:
      - '@firebase/app'

  '@firebase/messaging-interop-types@0.2.3': {}

  '@firebase/messaging@0.12.18(@firebase/app@0.12.1)':
    dependencies:
      '@firebase/app': 0.12.1
      '@firebase/component': 0.6.14
      '@firebase/installations': 0.6.14(@firebase/app@0.12.1)
      '@firebase/messaging-interop-types': 0.2.3
      '@firebase/util': 1.11.1
      idb: 7.1.1
      tslib: 2.8.1

  '@firebase/performance-compat@0.2.16(@firebase/app-compat@0.3.1)(@firebase/app@0.12.1)':
    dependencies:
      '@firebase/app-compat': 0.3.1
      '@firebase/component': 0.6.14
      '@firebase/logger': 0.4.4
      '@firebase/performance': 0.7.3(@firebase/app@0.12.1)
      '@firebase/performance-types': 0.2.3
      '@firebase/util': 1.11.1
      tslib: 2.8.1
    transitivePeerDependencies:
      - '@firebase/app'

  '@firebase/performance-types@0.2.3': {}

  '@firebase/performance@0.7.3(@firebase/app@0.12.1)':
    dependencies:
      '@firebase/app': 0.12.1
      '@firebase/component': 0.6.14
      '@firebase/installations': 0.6.14(@firebase/app@0.12.1)
      '@firebase/logger': 0.4.4
      '@firebase/util': 1.11.1
      tslib: 2.8.1
      web-vitals: 4.2.4

  '@firebase/remote-config-compat@0.2.14(@firebase/app-compat@0.3.1)(@firebase/app@0.12.1)':
    dependencies:
      '@firebase/app-compat': 0.3.1
      '@firebase/component': 0.6.14
      '@firebase/logger': 0.4.4
      '@firebase/remote-config': 0.6.1(@firebase/app@0.12.1)
      '@firebase/remote-config-types': 0.4.0
      '@firebase/util': 1.11.1
      tslib: 2.8.1
    transitivePeerDependencies:
      - '@firebase/app'

  '@firebase/remote-config-types@0.4.0': {}

  '@firebase/remote-config@0.6.1(@firebase/app@0.12.1)':
    dependencies:
      '@firebase/app': 0.12.1
      '@firebase/component': 0.6.14
      '@firebase/installations': 0.6.14(@firebase/app@0.12.1)
      '@firebase/logger': 0.4.4
      '@firebase/util': 1.11.1
      tslib: 2.8.1

  '@firebase/storage-compat@0.3.18(@firebase/app-compat@0.3.1)(@firebase/app-types@0.9.3)(@firebase/app@0.12.1)':
    dependencies:
      '@firebase/app-compat': 0.3.1
      '@firebase/component': 0.6.14
      '@firebase/storage': 0.13.8(@firebase/app@0.12.1)
      '@firebase/storage-types': 0.8.3(@firebase/app-types@0.9.3)(@firebase/util@1.11.1)
      '@firebase/util': 1.11.1
      tslib: 2.8.1
    transitivePeerDependencies:
      - '@firebase/app'
      - '@firebase/app-types'

  '@firebase/storage-types@0.8.3(@firebase/app-types@0.9.3)(@firebase/util@1.11.1)':
    dependencies:
      '@firebase/app-types': 0.9.3
      '@firebase/util': 1.11.1

  '@firebase/storage@0.13.8(@firebase/app@0.12.1)':
    dependencies:
      '@firebase/app': 0.12.1
      '@firebase/component': 0.6.14
      '@firebase/util': 1.11.1
      tslib: 2.8.1

  '@firebase/util@1.11.1':
    dependencies:
      tslib: 2.8.1

  '@firebase/vertexai@1.2.2(@firebase/app-types@0.9.3)(@firebase/app@0.12.1)':
    dependencies:
      '@firebase/app': 0.12.1
      '@firebase/app-check-interop-types': 0.3.3
      '@firebase/app-types': 0.9.3
      '@firebase/component': 0.6.14
      '@firebase/logger': 0.4.4
      '@firebase/util': 1.11.1
      tslib: 2.8.1

  '@firebase/webchannel-wrapper@1.0.3': {}

  '@grpc/grpc-js@1.9.15':
    dependencies:
      '@grpc/proto-loader': 0.7.15
      '@types/node': 20.17.46

  '@grpc/proto-loader@0.7.15':
    dependencies:
      lodash.camelcase: 4.3.0
      long: 5.3.2
      protobufjs: 7.5.1
      yargs: 17.7.2

  '@next/env@14.2.21': {}

  '@next/swc-darwin-arm64@14.2.21':
    optional: true

  '@next/swc-darwin-x64@14.2.21':
    optional: true

  '@next/swc-linux-arm64-gnu@14.2.21':
    optional: true

  '@next/swc-linux-arm64-musl@14.2.21':
    optional: true

  '@next/swc-linux-x64-gnu@14.2.21':
    optional: true

  '@next/swc-linux-x64-musl@14.2.21':
    optional: true

  '@next/swc-win32-arm64-msvc@14.2.21':
    optional: true

  '@next/swc-win32-ia32-msvc@14.2.21':
    optional: true

  '@next/swc-win32-x64-msvc@14.2.21':
    optional: true

  '@protobufjs/aspromise@1.1.2': {}

  '@protobufjs/base64@1.1.2': {}

  '@protobufjs/codegen@2.0.4': {}

  '@protobufjs/eventemitter@1.1.0': {}

  '@protobufjs/fetch@1.1.0':
    dependencies:
      '@protobufjs/aspromise': 1.1.2
      '@protobufjs/inquire': 1.1.0

  '@protobufjs/float@1.0.2': {}

  '@protobufjs/inquire@1.1.0': {}

  '@protobufjs/path@1.1.2': {}

  '@protobufjs/pool@1.1.0': {}

  '@protobufjs/utf8@1.1.0': {}

  '@swc/counter@0.1.3': {}

  '@swc/helpers@0.5.5':
    dependencies:
      '@swc/counter': 0.1.3
      tslib: 2.8.1

  '@types/node@20.17.46':
    dependencies:
      undici-types: 6.19.8

  '@types/prop-types@15.7.14': {}

  '@types/react-dom@18.3.7(@types/react@18.3.21)':
    dependencies:
      '@types/react': 18.3.21

  '@types/react@18.3.21':
    dependencies:
      '@types/prop-types': 15.7.14
      csstype: 3.1.3

  ansi-regex@5.0.1: {}

  ansi-styles@4.3.0:
    dependencies:
      color-convert: 2.0.1

  busboy@1.6.0:
    dependencies:
      streamsearch: 1.1.0

  caniuse-lite@1.0.30001718: {}

  client-only@0.0.1: {}

  cliui@8.0.1:
    dependencies:
      string-width: 4.2.3
      strip-ansi: 6.0.1
      wrap-ansi: 7.0.0

  color-convert@2.0.1:
    dependencies:
      color-name: 1.1.4

  color-name@1.1.4: {}

  csstype@3.1.3: {}

  emoji-regex@8.0.0: {}

  escalade@3.2.0: {}

  faye-websocket@0.11.4:
    dependencies:
      websocket-driver: 0.7.4

  firebase@11.7.1:
    dependencies:
      '@firebase/analytics': 0.10.13(@firebase/app@0.12.1)
      '@firebase/analytics-compat': 0.2.19(@firebase/app-compat@0.3.1)(@firebase/app@0.12.1)
      '@firebase/app': 0.12.1
      '@firebase/app-check': 0.9.1(@firebase/app@0.12.1)
      '@firebase/app-check-compat': 0.3.22(@firebase/app-compat@0.3.1)(@firebase/app@0.12.1)
      '@firebase/app-compat': 0.3.1
      '@firebase/app-types': 0.9.3
      '@firebase/auth': 1.10.2(@firebase/app@0.12.1)
      '@firebase/auth-compat': 0.5.22(@firebase/app-compat@0.3.1)(@firebase/app-types@0.9.3)(@firebase/app@0.12.1)
      '@firebase/data-connect': 0.3.5(@firebase/app@0.12.1)
      '@firebase/database': 1.0.15
      '@firebase/database-compat': 2.0.6
      '@firebase/firestore': 4.7.12(@firebase/app@0.12.1)
      '@firebase/firestore-compat': 0.3.47(@firebase/app-compat@0.3.1)(@firebase/app-types@0.9.3)(@firebase/app@0.12.1)
      '@firebase/functions': 0.12.4(@firebase/app@0.12.1)
      '@firebase/functions-compat': 0.3.21(@firebase/app-compat@0.3.1)(@firebase/app@0.12.1)
      '@firebase/installations': 0.6.14(@firebase/app@0.12.1)
      '@firebase/installations-compat': 0.2.14(@firebase/app-compat@0.3.1)(@firebase/app-types@0.9.3)(@firebase/app@0.12.1)
      '@firebase/messaging': 0.12.18(@firebase/app@0.12.1)
      '@firebase/messaging-compat': 0.2.18(@firebase/app-compat@0.3.1)(@firebase/app@0.12.1)
      '@firebase/performance': 0.7.3(@firebase/app@0.12.1)
      '@firebase/performance-compat': 0.2.16(@firebase/app-compat@0.3.1)(@firebase/app@0.12.1)
      '@firebase/remote-config': 0.6.1(@firebase/app@0.12.1)
      '@firebase/remote-config-compat': 0.2.14(@firebase/app-compat@0.3.1)(@firebase/app@0.12.1)
      '@firebase/storage': 0.13.8(@firebase/app@0.12.1)
      '@firebase/storage-compat': 0.3.18(@firebase/app-compat@0.3.1)(@firebase/app-types@0.9.3)(@firebase/app@0.12.1)
      '@firebase/util': 1.11.1
      '@firebase/vertexai': 1.2.2(@firebase/app-types@0.9.3)(@firebase/app@0.12.1)
    transitivePeerDependencies:
      - '@react-native-async-storage/async-storage'

  get-caller-file@2.0.5: {}

  graceful-fs@4.2.11: {}

  http-parser-js@0.5.10: {}

  idb@7.1.1: {}

  is-fullwidth-code-point@3.0.0: {}

  js-tokens@4.0.0: {}

  lefthook-darwin-arm64@1.11.12:
    optional: true

  lefthook-darwin-x64@1.11.12:
    optional: true

  lefthook-freebsd-arm64@1.11.12:
    optional: true

  lefthook-freebsd-x64@1.11.12:
    optional: true

  lefthook-linux-arm64@1.11.12:
    optional: true

  lefthook-linux-x64@1.11.12:
    optional: true

  lefthook-openbsd-arm64@1.11.12:
    optional: true

  lefthook-openbsd-x64@1.11.12:
    optional: true

  lefthook-windows-arm64@1.11.12:
    optional: true

  lefthook-windows-x64@1.11.12:
    optional: true

  lefthook@1.11.12:
    optionalDependencies:
      lefthook-darwin-arm64: 1.11.12
      lefthook-darwin-x64: 1.11.12
      lefthook-freebsd-arm64: 1.11.12
      lefthook-freebsd-x64: 1.11.12
      lefthook-linux-arm64: 1.11.12
      lefthook-linux-x64: 1.11.12
      lefthook-openbsd-arm64: 1.11.12
      lefthook-openbsd-x64: 1.11.12
      lefthook-windows-arm64: 1.11.12
      lefthook-windows-x64: 1.11.12

  lodash.camelcase@4.3.0: {}

  long@5.3.2: {}

  loose-envify@1.4.0:
    dependencies:
      js-tokens: 4.0.0

  nanoid@3.3.11: {}

  next@14.2.21(react-dom@18.3.1(react@18.3.1))(react@18.3.1):
    dependencies:
      '@next/env': 14.2.21
      '@swc/helpers': 0.5.5
      busboy: 1.6.0
      caniuse-lite: 1.0.30001718
      graceful-fs: 4.2.11
      postcss: 8.4.31
      react: 18.3.1
      react-dom: 18.3.1(react@18.3.1)
      styled-jsx: 5.1.1(react@18.3.1)
    optionalDependencies:
      '@next/swc-darwin-arm64': 14.2.21
      '@next/swc-darwin-x64': 14.2.21
      '@next/swc-linux-arm64-gnu': 14.2.21
      '@next/swc-linux-arm64-musl': 14.2.21
      '@next/swc-linux-x64-gnu': 14.2.21
      '@next/swc-linux-x64-musl': 14.2.21
      '@next/swc-win32-arm64-msvc': 14.2.21
      '@next/swc-win32-ia32-msvc': 14.2.21
      '@next/swc-win32-x64-msvc': 14.2.21
    transitivePeerDependencies:
      - '@babel/core'
      - babel-plugin-macros

  picocolors@1.1.1: {}

  postcss@8.4.31:
    dependencies:
      nanoid: 3.3.11
      picocolors: 1.1.1
      source-map-js: 1.2.1

  protobufjs@7.5.1:
    dependencies:
      '@protobufjs/aspromise': 1.1.2
      '@protobufjs/base64': 1.1.2
      '@protobufjs/codegen': 2.0.4
      '@protobufjs/eventemitter': 1.1.0
      '@protobufjs/fetch': 1.1.0
      '@protobufjs/float': 1.0.2
      '@protobufjs/inquire': 1.1.0
      '@protobufjs/path': 1.1.2
      '@protobufjs/pool': 1.1.0
      '@protobufjs/utf8': 1.1.0
      '@types/node': 20.17.46
      long: 5.3.2

  react-dom@18.3.1(react@18.3.1):
    dependencies:
      loose-envify: 1.4.0
      react: 18.3.1
      scheduler: 0.23.2

  react@18.3.1:
    dependencies:
      loose-envify: 1.4.0

  require-directory@2.1.1: {}

  safe-buffer@5.2.1: {}

  scheduler@0.23.2:
    dependencies:
      loose-envify: 1.4.0

  source-map-js@1.2.1: {}

  streamsearch@1.1.0: {}

  string-width@4.2.3:
    dependencies:
      emoji-regex: 8.0.0
      is-fullwidth-code-point: 3.0.0
      strip-ansi: 6.0.1

  strip-ansi@6.0.1:
    dependencies:
      ansi-regex: 5.0.1

  styled-jsx@5.1.1(react@18.3.1):
    dependencies:
      client-only: 0.0.1
      react: 18.3.1

  tslib@2.8.1: {}

  typescript@5.8.3: {}

  undici-types@6.19.8: {}

  web-vitals@4.2.4: {}

  websocket-driver@0.7.4:
    dependencies:
      http-parser-js: 0.5.10
      safe-buffer: 5.2.1
      websocket-extensions: 0.1.4

  websocket-extensions@0.1.4: {}

  wrap-ansi@7.0.0:
    dependencies:
      ansi-styles: 4.3.0
      string-width: 4.2.3
      strip-ansi: 6.0.1

  y18n@5.0.8: {}

  yargs-parser@21.1.1: {}

  yargs@17.7.2:
    dependencies:
      cliui: 8.0.1
      escalade: 3.2.0
      get-caller-file: 2.0.5
      require-directory: 2.1.1
      string-width: 4.2.3
      y18n: 5.0.8
      yargs-parser: 21.1.1
